
Microsoft Visual Studio Solution File, Format Version 12.00
# Visual Studio Version 17
VisualStudioVersion = 17.0.32014.148
MinimumVisualStudioVersion = 10.0.40219.1
Project("{9A19103F-16F7-4668-BE54-9A1E7A4F7556}") = "TicTacToe", "TicTacToe\TicTacToe.csproj", "{1A78CD66-527D-46EE-9285-4ECB93E4350D}"
EndProject
Project("{FAE04EC0-301F-11D3-BF4B-00C04F79EFBC}") = "BoardLogic", "BoardLogic\BoardLogic.csproj", "{D6C56C16-AD78-4922-9F34-F0C4DB9E9DC1}"
EndProject
Project("{FAE04EC0-301F-11D3-BF4B-00C04F79EFBC}") = "TicTacGUI", "TicTacGUI\TicTacGUI.csproj", "{649ADA04-7D78-44C2-8CFE-E3D985313992}"
EndProject
Global
	GlobalSection(SolutionConfigurationPlatforms) = preSolution
		Debug|Any CPU = Debug|Any CPU
		Release|Any CPU = Release|Any CPU
	EndGlobalSection
	GlobalSection(ProjectConfigurationPlatforms) = postSolution
		{1A78CD66-527D-46EE-9285-4ECB93E4350D}.Debug|Any CPU.ActiveCfg = Debug|Any CPU
		{1A78CD66-527D-46EE-9285-4ECB93E4350D}.Debug|Any CPU.Build.0 = Debug|Any CPU
		{1A78CD66-527D-46EE-9285-4ECB93E4350D}.Release|Any CPU.ActiveCfg = Release|Any CPU
		{1A78CD66-527D-46EE-9285-4ECB93E4350D}.Release|Any CPU.Build.0 = Release|Any CPU
		{D6C56C16-AD78-4922-9F34-F0C4DB9E9DC1}.Debug|Any CPU.ActiveCfg = Debug|Any CPU
		{D6C56C16-AD78-4922-9F34-F0C4DB9E9DC1}.Debug|Any CPU.Build.0 = Debug|Any CPU
		{D6C56C16-AD78-4922-9F34-F0C4DB9E9DC1}.Release|Any CPU.ActiveCfg = Release|Any CPU
		{D6C56C16-AD78-4922-9F34-F0C4DB9E9DC1}.Release|Any CPU.Build.0 = Release|Any CPU
		{649ADA04-7D78-44C2-8CFE-E3D985313992}.Debug|Any CPU.ActiveCfg = Debug|Any CPU
		{649ADA04-7D78-44C2-8CFE-E3D985313992}.Debug|Any CPU.Build.0 = Debug|Any CPU
		{649ADA04-7D78-44C2-8CFE-E3D985313992}.Release|Any CPU.ActiveCfg = Release|Any CPU
		{649ADA04-7D78-44C2-8CFE-E3D985313992}.Release|Any CPU.Build.0 = Release|Any CPU
	EndGlobalSection
	GlobalSection(SolutionProperties) = preSolution
		HideSolutionNode = FALSE
	EndGlobalSection
	GlobalSection(ExtensibilityGlobals) = postSolution
		SolutionGuid = {09D64A18-2CF6-4BA8-A9BE-858213E935CE}
	EndGlobalSection
EndGlobal
